<?xml version="1.0" encoding="utf-8"?>
<Project ToolsVersion="4.0" xmlns="http://schemas.microsoft.com/developer/msbuild/2003">
  <ItemGroup>
    <Filter Include="Fichiers sources"><UniqueIdentifier>{4FC737F1-C7A5-4376-A066-2A32D752A2FF}</UniqueIdentifier><Extensions>cpp;c;cc;cxx</Extensions></Filter>
    <Filter Include="Fichiers d%27en-tête"><UniqueIdentifier>{93995380-89BD-4b04-88EB-625FBE52EBFB}</UniqueIdentifier><Extensions>h;hh;hpp;hxx</Extensions></Filter>
    <Filter Include="Fichiers de ressources"><UniqueIdentifier>{67DA6AB6-F800-4c08-8B7A-83BB121AAD01}</UniqueIdentifier><Extensions>rc;ico</Extensions></Filter>
  </ItemGroup>
  <ItemGroup>
    <ClCompile Include="asciiart.cpp"><Filter>Fichiers sources</Filter></ClCompile>
    <ClCompile Include="audit.cpp"><Filter>Fichiers sources</Filter></ClCompile>
    <ClCompile Include="events.cpp"><Filter>Fichiers sources</Filter></ClCompile>
    <ClCompile Include="hive_recover.cpp"><Filter>Fichiers sources</Filter></ClCompile>
    <ClCompile Include="idList.cpp"><Filter>Fichiers sources</Filter></ClCompile>
    <ClCompile Include="jumplist_automatic.cpp"><Filter>Fichiers sources</Filter></ClCompile>
    <ClCompile Include="jumplist_custom.cpp"><Filter>Fichiers sources</Filter></ClCompile>
    <ClCompile Include="main.cpp"><Filter>Fichiers sources</Filter></ClCompile>
    <ClCompile Include="oleparser.cpp"><Filter>Fichiers sources</Filter></ClCompile>
    <ClCompile Include="prefetchs.cpp"><Filter>Fichiers sources</Filter></ClCompile>
    <ClCompile Include="processes.cpp"><Filter>Fichiers sources</Filter></ClCompile>
    <ClCompile Include="quickdigest5.cpp"><Filter>Fichiers sources</Filter></ClCompile>
    <ClCompile Include="raw_hive.cpp"><Filter>Fichiers sources</Filter></ClCompile>
    <ClCompile Include="raw_collect.cpp"><Filter>Fichiers sources</Filter></ClCompile>
    <ClCompile Include="recent_docs.cpp"><Filter>Fichiers sources</Filter></ClCompile>
    <ClCompile Include="reg_amcache_application.cpp"><Filter>Fichiers sources</Filter></ClCompile>
    <ClCompile Include="reg_amcache_applicationfile.cpp"><Filter>Fichiers sources</Filter></ClCompile>
    <ClCompile Include="reg_bams.cpp"><Filter>Fichiers sources</Filter></ClCompile>
    <ClCompile Include="reg_mounted_devices.cpp"><Filter>Fichiers sources</Filter></ClCompile>
    <ClCompile Include="reg_mru.cpp"><Filter>Fichiers sources</Filter></ClCompile>
    <ClCompile Include="reg_mru_apps.cpp"><Filter>Fichiers sources</Filter></ClCompile>
    <ClCompile Include="reg_muicache.cpp"><Filter>Fichiers sources</Filter></ClCompile>
    <ClCompile Include="reg_run.cpp"><Filter>Fichiers sources</Filter></ClCompile>
    <ClCompile Include="reg_shellbags.cpp"><Filter>Fichiers sources</Filter></ClCompile>
    <ClCompile Include="reg_shimcache.cpp"><Filter>Fichiers sources</Filter></ClCompile>
    <ClCompile Include="reg_usbstors.cpp"><Filter>Fichiers sources</Filter></ClCompile>
    <ClCompile Include="reg_userassists.cpp"><Filter>Fichiers sources</Filter></ClCompile>
    <ClCompile Include="scheduledTasks.cpp"><Filter>Fichiers sources</Filter></ClCompile>
    <ClCompile Include="services.cpp"><Filter>Fichiers sources</Filter></ClCompile>
    <ClCompile Include="sessions.cpp"><Filter>Fichiers sources</Filter></ClCompile>
    <ClCompile Include="system.cpp"><Filter>Fichiers sources</Filter></ClCompile>
    <ClCompile Include="time_zone.cpp"><Filter>Fichiers sources</Filter></ClCompile>
    <ClCompile Include="tools.cpp"><Filter>Fichiers sources</Filter></ClCompile>
    <ClCompile Include="xml_light.cpp"><Filter>Fichiers sources</Filter></ClCompile>
    <ClCompile Include="trans_id.cpp"><Filter>Fichiers sources</Filter></ClCompile>
    <ClCompile Include="offline_registry.cpp"><Filter>Fichiers sources</Filter></ClCompile>
    <ClCompile Include="users.cpp"><Filter>Fichiers sources</Filter></ClCompile>
    <ClCompile Include="authenticode.cpp"><Filter>Fichiers sources</Filter></ClCompile>
    <ClCompile Include="rsa.cpp"><Filter>Fichiers sources</Filter></ClCompile>
    <ClCompile Include="binaires.cpp"><Filter>Fichiers sources</Filter></ClCompile>
    <ClCompile Include="consigne.cpp"><Filter>Fichiers sources</Filter></ClCompile>
    <ClCompile Include="event_messages.cpp"><Filter>Fichiers sources</Filter></ClCompile>
    <ClCompile Include="evtx.cpp"><Filter>Fichiers sources</Filter></ClCompile>
    <ClCompile Include="lznt1.cpp"><Filter>Fichiers sources</Filter></ClCompile>
    <ClCompile Include="pe_resource.cpp"><Filter>Fichiers sources</Filter></ClCompile>
    <ClCompile Include="sha.cpp"><Filter>Fichiers sources</Filter></ClCompile>
    <ClCompile Include="wevt.cpp"><Filter>Fichiers sources</Filter></ClCompile>
    <ClCompile Include="xpress.cpp"><Filter>Fichiers sources</Filter></ClCompile>
  </ItemGroup>
  <ItemGroup>
    <ClInclude Include="asciiart.h"><Filter>Fichiers d%27en-tête</Filter></ClInclude>
    <ClInclude Include="audit.h"><Filter>Fichiers d%27en-tête</Filter></ClInclude>
    <ClInclude Include="events.h"><Filter>Fichiers d%27en-tête</Filter></ClInclude>
    <ClInclude Include="hive_recover.h"><Filter>Fichiers d%27en-tête</Filter></ClInclude>
    <ClInclude Include="idList.h"><Filter>Fichiers d%27en-tête</Filter></ClInclude>
    <ClInclude Include="json.h"><Filter>Fichiers d%27en-tête</Filter></ClInclude>
    <ClInclude Include="jumplist_automatic.h"><Filter>Fichiers d%27en-tête</Filter></ClInclude>
    <ClInclude Include="jumplist_custom.h"><Filter>Fichiers d%27en-tête</Filter></ClInclude>
    <ClInclude Include="oleparser.h"><Filter>Fichiers d%27en-tête</Filter></ClInclude>
    <ClInclude Include="prefetchs.h"><Filter>Fichiers d%27en-tête</Filter></ClInclude>
    <ClInclude Include="processes.h"><Filter>Fichiers d%27en-tête</Filter></ClInclude>
    <ClInclude Include="quickdigest5.h"><Filter>Fichiers d%27en-tête</Filter></ClInclude>
    <ClInclude Include="raw_collect.h"><Filter>Fichiers d%27en-tête</Filter></ClInclude>
    <ClInclude Include="raw_hive.h"><Filter>Fichiers d%27en-tête</Filter></ClInclude>
    <ClInclude Include="recent_docs.h"><Filter>Fichiers d%27en-tête</Filter></ClInclude>
    <ClInclude Include="reg_amcache_application.h"><Filter>Fichiers d%27en-tête</Filter></ClInclude>
    <ClInclude Include="reg_amcache_applicationfile.h"><Filter>Fichiers d%27en-tête</Filter></ClInclude>
    <ClInclude Include="reg_bams.h"><Filter>Fichiers d%27en-tête</Filter></ClInclude>
    <ClInclude Include="reg_mounted_devices.h"><Filter>Fichiers d%27en-tête</Filter></ClInclude>
    <ClInclude Include="reg_mru.h"><Filter>Fichiers d%27en-tête</Filter></ClInclude>
    <ClInclude Include="reg_mru_apps.h"><Filter>Fichiers d%27en-tête</Filter></ClInclude>
    <ClInclude Include="reg_muicache.h"><Filter>Fichiers d%27en-tête</Filter></ClInclude>
    <ClInclude Include="reg_run.h"><Filter>Fichiers d%27en-tête</Filter></ClInclude>
    <ClInclude Include="reg_shellbags.h"><Filter>Fichiers d%27en-tête</Filter></ClInclude>
    <ClInclude Include="reg_shimcache.h"><Filter>Fichiers d%27en-tête</Filter></ClInclude>
    <ClInclude Include="reg_usbstors.h"><Filter>Fichiers d%27en-tête</Filter></ClInclude>
    <ClInclude Include="reg_userassists.h"><Filter>Fichiers d%27en-tête</Filter></ClInclude>
    <ClInclude Include="resource.h"><Filter>Fichiers d%27en-tête</Filter></ClInclude>
    <ClInclude Include="scheduledTasks.h"><Filter>Fichiers d%27en-tête</Filter></ClInclude>
    <ClInclude Include="services.h"><Filter>Fichiers d%27en-tête</Filter></ClInclude>
    <ClInclude Include="sessions.h"><Filter>Fichiers d%27en-tête</Filter></ClInclude>
    <ClInclude Include="system.h"><Filter>Fichiers d%27en-tête</Filter></ClInclude>
    <ClInclude Include="time_zone.h"><Filter>Fichiers d%27en-tête</Filter></ClInclude>
    <ClInclude Include="tools.h"><Filter>Fichiers d%27en-tête</Filter></ClInclude>
    <ClInclude Include="xml_light.h"><Filter>Fichiers d%27en-tête</Filter></ClInclude>
    <ClInclude Include="trans_id.h"><Filter>Fichiers d%27en-tête</Filter></ClInclude>
    <ClInclude Include="offline_registry.h"><Filter>Fichiers d%27en-tête</Filter></ClInclude>
    <ClInclude Include="users.h"><Filter>Fichiers d%27en-tête</Filter></ClInclude>
    <ClInclude Include="authenticode.h"><Filter>Fichiers d%27en-tête</Filter></ClInclude>
    <ClInclude Include="racines_microsoft.h"><Filter>Fichiers d%27en-tête</Filter></ClInclude>
    <ClInclude Include="rsa.h"><Filter>Fichiers d%27en-tête</Filter></ClInclude>
    <ClInclude Include="binaires.h"><Filter>Fichiers d%27en-tête</Filter></ClInclude>
    <ClInclude Include="consigne.h"><Filter>Fichiers d%27en-tête</Filter></ClInclude>
    <ClInclude Include="event_messages.h"><Filter>Fichiers d%27en-tête</Filter></ClInclude>
    <ClInclude Include="evtx.h"><Filter>Fichiers d%27en-tête</Filter></ClInclude>
    <ClInclude Include="lznt1.h"><Filter>Fichiers d%27en-tête</Filter></ClInclude>
    <ClInclude Include="pe_resource.h"><Filter>Fichiers d%27en-tête</Filter></ClInclude>
    <ClInclude Include="sha.h"><Filter>Fichiers d%27en-tête</Filter></ClInclude>
    <ClInclude Include="wevt.h"><Filter>Fichiers d%27en-tête</Filter></ClInclude>
    <ClInclude Include="xpress.h"><Filter>Fichiers d%27en-tête</Filter></ClInclude>
  </ItemGroup>
  <ItemGroup>
    <ResourceCompile Include="WAC.rc"><Filter>Fichiers de ressources</Filter></ResourceCompile>
  </ItemGroup>
</Project>